
Microsoft Visual Studio Solution File, Format Version 12.00
# Visual Studio Version 17
VisualStudioVersion = 17.8.34330.188
MinimumVisualStudioVersion = 10.0.40219.1
Project("{9A19103F-16F7-4668-BE54-9A1E7A4F7556}") = "Lab02", "Lab02.csproj", "{F65703F2-1705-4620-8DA6-0FA3ED3C2BE1}"
EndProject
Global
	GlobalSection(SolutionConfigurationPlatforms) = preSolution
		Debug|Any CPU = Debug|Any CPU
		Release|Any CPU = Release|Any CPU
	EndGlobalSection
	GlobalSection(ProjectConfigurationPlatforms) = postSolution
		{F65703F2-1705-4620-8DA6-0FA3ED3C2BE1}.Debug|Any CPU.ActiveCfg = Debug|Any CPU
		{F65703F2-1705-4620-8DA6-0FA3ED3C2BE1}.Debug|Any CPU.Build.0 = Debug|Any CPU
		{F65703F2-1705-4620-8DA6-0FA3ED3C2BE1}.Release|Any CPU.ActiveCfg = Release|Any CPU
		{F65703F2-1705-4620-8DA6-0FA3ED3C2BE1}.Release|Any CPU.Build.0 = Release|Any CPU
	EndGlobalSection
	GlobalSection(SolutionProperties) = preSolution
		HideSolutionNode = FALSE
	EndGlobalSection
	GlobalSection(ExtensibilityGlobals) = postSolution
		SolutionGuid = {E702F9E7-AFF8-4CCD-B91A-00015E86A280}
	EndGlobalSection
EndGlobal
